
Microsoft Visual Studio Solution File, Format Version 12.00
# Visual Studio Version 16
VisualStudioVersion = 16.0.810.17
MinimumVisualStudioVersion = 10.0.40219.1
Project("{FAE04EC0-301F-11D3-BF4B-00C04F79EFBC}") = "mission03", "mission03\mission03.csproj", "{BD60604A-1923-4B2B-95A6-7F2DA9D47DA1}"
EndProject
Global
	GlobalSection(SolutionConfigurationPlatforms) = preSolution
		Debug|Any CPU = Debug|Any CPU
		Release|Any CPU = Release|Any CPU
	EndGlobalSection
	GlobalSection(ProjectConfigurationPlatforms) = postSolution
		{BD60604A-1923-4B2B-95A6-7F2DA9D47DA1}.Debug|Any CPU.ActiveCfg = Debug|Any CPU
		{BD60604A-1923-4B2B-95A6-7F2DA9D47DA1}.Debug|Any CPU.Build.0 = Debug|Any CPU
		{BD60604A-1923-4B2B-95A6-7F2DA9D47DA1}.Release|Any CPU.ActiveCfg = Release|Any CPU
		{BD60604A-1923-4B2B-95A6-7F2DA9D47DA1}.Release|Any CPU.Build.0 = Release|Any CPU
	EndGlobalSection
	GlobalSection(SolutionProperties) = preSolution
		HideSolutionNode = FALSE
	EndGlobalSection
	GlobalSection(ExtensibilityGlobals) = postSolution
		SolutionGuid = {C09E0B1A-2669-411B-8F6B-DB9827EA1C8F}
	EndGlobalSection
EndGlobal
